
Microsoft Visual Studio Solution File, Format Version 12.00
# Visual Studio 15
VisualStudioVersion = 15.0.28010.2036
MinimumVisualStudioVersion = 10.0.40219.1
Project("{FAE04EC0-301F-11D3-BF4B-00C04F79EFBC}") = "SchoolAppUI", "SchoolAppUI\SchoolAppUI.csproj", "{F10BEE21-4520-4627-A1FC-5366E5D06ADD}"
EndProject
Project("{FAE04EC0-301F-11D3-BF4B-00C04F79EFBC}") = "DBLibrary", "DBLibrary\DBLibrary.csproj", "{A0006B9D-B4F0-4453-BEFB-00EB32B31B78}"
EndProject
Project("{FAE04EC0-301F-11D3-BF4B-00C04F79EFBC}") = "DBLibrary.tests", "DBLibrary.tests\DBLibrary.tests.csproj", "{9AABC7FF-C7AC-4FC4-86B1-99AA82BD680D}"
EndProject
Global
	GlobalSection(SolutionConfigurationPlatforms) = preSolution
		Debug|Any CPU = Debug|Any CPU
		Release|Any CPU = Release|Any CPU
	EndGlobalSection
	GlobalSection(ProjectConfigurationPlatforms) = postSolution
		{F10BEE21-4520-4627-A1FC-5366E5D06ADD}.Debug|Any CPU.ActiveCfg = Debug|Any CPU
		{F10BEE21-4520-4627-A1FC-5366E5D06ADD}.Debug|Any CPU.Build.0 = Debug|Any CPU
		{F10BEE21-4520-4627-A1FC-5366E5D06ADD}.Release|Any CPU.ActiveCfg = Release|Any CPU
		{F10BEE21-4520-4627-A1FC-5366E5D06ADD}.Release|Any CPU.Build.0 = Release|Any CPU
		{A0006B9D-B4F0-4453-BEFB-00EB32B31B78}.Debug|Any CPU.ActiveCfg = Debug|Any CPU
		{A0006B9D-B4F0-4453-BEFB-00EB32B31B78}.Debug|Any CPU.Build.0 = Debug|Any CPU
		{A0006B9D-B4F0-4453-BEFB-00EB32B31B78}.Release|Any CPU.ActiveCfg = Release|Any CPU
		{A0006B9D-B4F0-4453-BEFB-00EB32B31B78}.Release|Any CPU.Build.0 = Release|Any CPU
		{9AABC7FF-C7AC-4FC4-86B1-99AA82BD680D}.Debug|Any CPU.ActiveCfg = Debug|Any CPU
		{9AABC7FF-C7AC-4FC4-86B1-99AA82BD680D}.Debug|Any CPU.Build.0 = Debug|Any CPU
		{9AABC7FF-C7AC-4FC4-86B1-99AA82BD680D}.Release|Any CPU.ActiveCfg = Release|Any CPU
		{9AABC7FF-C7AC-4FC4-86B1-99AA82BD680D}.Release|Any CPU.Build.0 = Release|Any CPU
	EndGlobalSection
	GlobalSection(SolutionProperties) = preSolution
		HideSolutionNode = FALSE
	EndGlobalSection
	GlobalSection(ExtensibilityGlobals) = postSolution
		SolutionGuid = {931B1E68-256B-4E7A-9085-2EE84E579FAF}
	EndGlobalSection
EndGlobal
